
Microsoft Visual Studio Solution File, Format Version 12.00
# Visual Studio 15
VisualStudioVersion = 15.0.27428.2037
MinimumVisualStudioVersion = 10.0.40219.1
Project("{159641D6-6404-4A2A-AE62-294DE0FE8301}") = "FleetUsageLoad", "FleetUsageLoad\FleetUsageLoad.dtproj", "{967A938A-7606-4633-8EFC-4BEEA224490C}"
EndProject
Global
	GlobalSection(SolutionConfigurationPlatforms) = preSolution
		Development|Default = Development|Default
	EndGlobalSection
	GlobalSection(ProjectConfigurationPlatforms) = postSolution
		{967A938A-7606-4633-8EFC-4BEEA224490C}.Development|Default.ActiveCfg = Development
		{967A938A-7606-4633-8EFC-4BEEA224490C}.Development|Default.Build.0 = Development
	EndGlobalSection
	GlobalSection(SolutionProperties) = preSolution
		HideSolutionNode = FALSE
	EndGlobalSection
	GlobalSection(ExtensibilityGlobals) = postSolution
		SolutionGuid = {FA709A71-E435-4987-8CA5-DAED1C1C5F65}
	EndGlobalSection
EndGlobal
